
Microsoft Visual Studio Solution File, Format Version 12.00
# Visual Studio Version 17
VisualStudioVersion = 17.0.31903.59
MinimumVisualStudioVersion = 10.0.40219.1
Project("{FAE04EC0-301F-11D3-BF4B-00C04F79EFBC}") = "NameGenderizer.Service", "NameGenderizer.Service\NameGenderizer.Service.csproj", "{D1AD1A81-5BEA-4E42-A7A4-DB82F94737D2}"
EndProject
Project("{FAE04EC0-301F-11D3-BF4B-00C04F79EFBC}") = "NameGenderizer.Tests", "NameGenderizer.Tests\NameGenderizer.Tests.csproj", "{7C282399-A555-40E3-863F-621337FB0C6C}"
EndProject
Global
	GlobalSection(SolutionConfigurationPlatforms) = preSolution
		Debug|Any CPU = Debug|Any CPU
		Release|Any CPU = Release|Any CPU
	EndGlobalSection
	GlobalSection(SolutionProperties) = preSolution
		HideSolutionNode = FALSE
	EndGlobalSection
	GlobalSection(ProjectConfigurationPlatforms) = postSolution
		{D1AD1A81-5BEA-4E42-A7A4-DB82F94737D2}.Debug|Any CPU.ActiveCfg = Debug|Any CPU
		{D1AD1A81-5BEA-4E42-A7A4-DB82F94737D2}.Debug|Any CPU.Build.0 = Debug|Any CPU
		{D1AD1A81-5BEA-4E42-A7A4-DB82F94737D2}.Release|Any CPU.ActiveCfg = Release|Any CPU
		{D1AD1A81-5BEA-4E42-A7A4-DB82F94737D2}.Release|Any CPU.Build.0 = Release|Any CPU
		{7C282399-A555-40E3-863F-621337FB0C6C}.Debug|Any CPU.ActiveCfg = Debug|Any CPU
		{7C282399-A555-40E3-863F-621337FB0C6C}.Debug|Any CPU.Build.0 = Debug|Any CPU
		{7C282399-A555-40E3-863F-621337FB0C6C}.Release|Any CPU.ActiveCfg = Release|Any CPU
		{7C282399-A555-40E3-863F-621337FB0C6C}.Release|Any CPU.Build.0 = Release|Any CPU
	EndGlobalSection
EndGlobal
